github.com/dylibso/xtp-test-go v0.0.1 h1:koHqLsCfs6pl/UbXwyhnuMymh1R3RFgpFZ/GeSzitzQ=
github.com/dylibso/xtp-test-go v0.0.1/go.mod h1:YBGHZkaFOWNH3geVBx3/byJmd5XPa+Nz8XNwKahnT3Q=
github.com/extism/go-pdk v1.0.2 h1:UB7oTW3tw2zoMlsUdBEDAAbhQg9OudzgNeyCwQYZ730=
github.com/extism/go-pdk v1.0.2/go.mod h1:Gz+LIU/YCKnKXhgge8yo5Yu1F/lbv7KtKFkiCSzW/P4=
